{
  "name": "amazon-product-image-download",
  "version": "1.0.0",
  "lockfileVersion": 1,
  "requires": true,
  "dependencies": {
    "debug": {
      "version": "4.1.1",
      "resolved": "https://registry.npmjs.org/debug/-/debug-4.1.1.tgz",
      "integrity": "sha512-pYAIzeRo8J6KPEaJ0VWOh5Pzkbw/RetuzehGM7QRRX5he4fPHx2rdKMB256ehJCkX+XRQm16eZLqLNS8RSZXZw==",
      "requires": {
        "ms": "^2.1.1"
      }
    },
    "https": {
      "version": "1.0.0",
      "resolved": "https://registry.npmjs.org/https/-/https-1.0.0.tgz",
      "integrity": "sha1-PDfHrhqO65ZpBKKtHpdaGUt+06Q="
    },
    "ms": {
      "version": "2.1.2",
      "resolved": "https://registry.npmjs.org/ms/-/ms-2.1.2.tgz",
      "integrity": "sha512-sGkPx+VjMtmA6MX27oA4FBFELFCZZ4S4XqeGOXCv68tT+jb3vk/RyaKWP0PTKyWtmLSM0b+adUTEvbs1PEaH2w=="
    },
    "puppeteer-cluster": {
      "version": "0.21.0",
      "resolved": "https://registry.npmjs.org/puppeteer-cluster/-/puppeteer-cluster-0.21.0.tgz",
      "integrity": "sha512-/x5mei0vXxFPpJ7iUS+xJ3rOcxxYUa2YeEyuWI9m0M5e8ammPiCXjvOsTcni+4ZAop3L2gpZFkxafPvXWOoRfg==",
      "requires": {
        "debug": "^4.1.1"
      }
    }
  }
}
